
Microsoft Visual Studio Solution File, Format Version 12.00
# Visual Studio Version 17
VisualStudioVersion = 17.6.33723.286
MinimumVisualStudioVersion = 10.0.40219.1
Project("{FAE04EC0-301F-11D3-BF4B-00C04F79EFBC}") = "zadanie nr 7 03.06.2023", "zadanie nr 7 03.06.2023.csproj", "{633E5797-D2EE-4F2A-AC69-C3365C85662F}"
EndProject
Global
	GlobalSection(SolutionConfigurationPlatforms) = preSolution
		Debug|Any CPU = Debug|Any CPU
		Release|Any CPU = Release|Any CPU
	EndGlobalSection
	GlobalSection(ProjectConfigurationPlatforms) = postSolution
		{633E5797-D2EE-4F2A-AC69-C3365C85662F}.Debug|Any CPU.ActiveCfg = Debug|Any CPU
		{633E5797-D2EE-4F2A-AC69-C3365C85662F}.Debug|Any CPU.Build.0 = Debug|Any CPU
		{633E5797-D2EE-4F2A-AC69-C3365C85662F}.Release|Any CPU.ActiveCfg = Release|Any CPU
		{633E5797-D2EE-4F2A-AC69-C3365C85662F}.Release|Any CPU.Build.0 = Release|Any CPU
	EndGlobalSection
	GlobalSection(SolutionProperties) = preSolution
		HideSolutionNode = FALSE
	EndGlobalSection
	GlobalSection(ExtensibilityGlobals) = postSolution
		SolutionGuid = {B13D980F-E48F-4A85-AEF6-DD2D57775E9F}
	EndGlobalSection
EndGlobal
